{
  "version": 1,
  "dependencies": {
    ".NETnanoFramework,Version=v1.0": {
      "nanoFramework.CoreLibrary": {
        "type": "Direct",
        "requested": "[2.0.0-preview.29, 2.0.0-preview.29]",
        "resolved": "2.0.0-preview.29",
        "contentHash": "7NDp9Sda9FTFBDN//X34r23rJBHUkCvyGvrFh9s5B8H2nMoet4J0OlEOiZRUsEPBXlsNpZFVp+Cd6OSjnLSg5A=="
      },
      "nanoFramework.TestFramework": {
        "type": "Direct",
        "requested": "[3.0.77, 3.0.77]",
        "resolved": "3.0.77",
        "contentHash": "Py5W1oN84KMBmOOHCzdz6pyi3bZTnQu9BoqIx0KGqkhG3V8kGoem/t+BuCM0pMIWAyl2iMP1n2S9624YXmBJZw=="
      }
    }
  }
}