
Microsoft Visual Studio Solution File, Format Version 12.00
# Visual Studio 15
VisualStudioVersion = 15.0.28307.902
MinimumVisualStudioVersion = 10.0.40219.1
Project("{11A8DD76-328B-46DF-9F39-F559912D0360}") = "nanoFramework.System.Collections", "nanoFramework.System.Collections\nanoFramework.System.Collections.nfproj", "{ADEC287F-9989-40D3-A560-D918B90FFB03}"
EndProject
Project("{2150E333-8FDC-42A3-9474-1A3956D46DE8}") = "Solution Items", "Solution Items", "{BBE482A2-86B3-4727-84CF-A53319F301CE}"
	ProjectSection(SolutionItems) = preProject
		nanoFramework.System.Collections.nuspec = nanoFramework.System.Collections.nuspec
		NuGet.Config = NuGet.Config
		version.json = version.json
	EndProjectSection
EndProject
Global
	GlobalSection(SolutionConfigurationPlatforms) = preSolution
		Debug|Any CPU = Debug|Any CPU
		Release|Any CPU = Release|Any CPU
	EndGlobalSection
	GlobalSection(ProjectConfigurationPlatforms) = postSolution
		{ADEC287F-9989-40D3-A560-D918B90FFB03}.Debug|Any CPU.ActiveCfg = Debug|Any CPU
		{ADEC287F-9989-40D3-A560-D918B90FFB03}.Debug|Any CPU.Build.0 = Debug|Any CPU
		{ADEC287F-9989-40D3-A560-D918B90FFB03}.Debug|Any CPU.Deploy.0 = Debug|Any CPU
		{ADEC287F-9989-40D3-A560-D918B90FFB03}.Release|Any CPU.ActiveCfg = Release|Any CPU
		{ADEC287F-9989-40D3-A560-D918B90FFB03}.Release|Any CPU.Build.0 = Release|Any CPU
		{ADEC287F-9989-40D3-A560-D918B90FFB03}.Release|Any CPU.Deploy.0 = Release|Any CPU
	EndGlobalSection
	GlobalSection(SolutionProperties) = preSolution
		HideSolutionNode = FALSE
	EndGlobalSection
	GlobalSection(ExtensibilityGlobals) = postSolution
		SolutionGuid = {20AE6EDF-F6B9-47AD-916F-338A69E03CCA}
	EndGlobalSection
EndGlobal
