{
  "version": 1,
  "dependencies": {
    ".NETnanoFramework,Version=v1.0": {
      "nanoFramework.CoreLibrary": {
        "type": "Direct",
        "requested": "[2.0.0-preview.20, 2.0.0-preview.20]",
        "resolved": "2.0.0-preview.20",
        "contentHash": "yBjbnxlEOHj8wJf/7ZK+QIUTNW1HZHLwtUW5d6g2vTGgjKu/xrSfvWQHPTCuE1MmXP+WPPT/aJy9k8HuIJmUmA=="
      },
      "nanoFramework.TestFramework": {
        "type": "Direct",
        "requested": "[4.0.0-preview.44, 4.0.0-preview.44]",
        "resolved": "4.0.0-preview.44",
        "contentHash": "fnls8qrsOptatRi/26dDP/2BJBaBHmTrvENEAkUXYuuYMD0hGEk2D3gkRVXd2VItsBK3zkif9bcnCyPL+4lgJg=="
      }
    }
  }
}